
Microsoft Visual Studio Solution File, Format Version 12.00
# Visual Studio Version 16
VisualStudioVersion = 16.0.29209.62
MinimumVisualStudioVersion = 10.0.40219.1
Project("{8BC9CEB8-8B4A-11D0-8D11-00A0C91BC942}") = "Drift Car Quiz", "Drift Car Quiz\Drift Car Quiz.vcxproj", "{9EAB5E06-DBC0-41D0-A557-E4429359D9F6}"
EndProject
Global
	GlobalSection(SolutionConfigurationPlatforms) = preSolution
		Debug|x64 = Debug|x64
		Debug|x86 = Debug|x86
		Release|x64 = Release|x64
		Release|x86 = Release|x86
	EndGlobalSection
	GlobalSection(ProjectConfigurationPlatforms) = postSolution
		{9EAB5E06-DBC0-41D0-A557-E4429359D9F6}.Debug|x64.ActiveCfg = Debug|x64
		{9EAB5E06-DBC0-41D0-A557-E4429359D9F6}.Debug|x64.Build.0 = Debug|x64
		{9EAB5E06-DBC0-41D0-A557-E4429359D9F6}.Debug|x86.ActiveCfg = Debug|Win32
		{9EAB5E06-DBC0-41D0-A557-E4429359D9F6}.Debug|x86.Build.0 = Debug|Win32
		{9EAB5E06-DBC0-41D0-A557-E4429359D9F6}.Release|x64.ActiveCfg = Release|x64
		{9EAB5E06-DBC0-41D0-A557-E4429359D9F6}.Release|x64.Build.0 = Release|x64
		{9EAB5E06-DBC0-41D0-A557-E4429359D9F6}.Release|x86.ActiveCfg = Release|Win32
		{9EAB5E06-DBC0-41D0-A557-E4429359D9F6}.Release|x86.Build.0 = Release|Win32
	EndGlobalSection
	GlobalSection(SolutionProperties) = preSolution
		HideSolutionNode = FALSE
	EndGlobalSection
	GlobalSection(ExtensibilityGlobals) = postSolution
		SolutionGuid = {E0142C6D-CA4F-45CB-8F14-6AA11B3B2B02}
	EndGlobalSection
EndGlobal
